{
  "object": {
    "pins": [
      {
        "package": "DjinniSupport",
        "repositoryURL": "https://github.com/UbiqueInnovation/djinni.git",
        "state": {
          "branch": null,
          "revision": "fa5599869ee330886f053db31bb724cd95a01500",
          "version": "1.0.1"
        }
      },
      {
        "package": "MapCore",
        "repositoryURL": "https://github.com/openmobilemaps/maps-core.git",
        "state": {
          "branch": null,
          "revision": "16520d00e6a528d4996999917493e8f85a972e5d",
          "version": "1.4.0"
        }
      },
      {
        "package": "UBKit",
        "repositoryURL": "https://github.com/UbiqueInnovation/ubkit-ios",
        "state": {
          "branch": "feature/ublocation-region-monitoring",
          "revision": "122f78c9da8988cf3c3292cb45bd6db93ea1f9dd",
          "version": null
        }
      }
    ]
  },
  "version": 1
}
