{
  "object": {
    "pins": [
      {
        "package": "DjinniSupport",
        "repositoryURL": "https://github.com/UbiqueInnovation/djinni.git",
        "state": {
          "branch": null,
          "revision": "fa5599869ee330886f053db31bb724cd95a01500",
          "version": "1.0.1"
        }
      },
      {
        "package": "MapCore",
        "repositoryURL": "https://github.com/openmobilemaps/maps-core.git",
        "state": {
          "branch": "develop",
          "revision": "910a76d8c42b088f065b8b8a90ae2e5a873e7252",
          "version": null
        }
      },
      {
        "package": "UBKit",
        "repositoryURL": "https://github.com/UbiqueInnovation/ubkit-ios",
        "state": {
          "branch": null,
          "revision": "e34100d967b11b2a346cdb2e64bda3f95cb72935",
          "version": "1.5.0"
        }
      }
    ]
  },
  "version": 1
}
