{
  "object": {
    "pins": [
      {
        "package": "DjinniSupport",
        "repositoryURL": "https://github.com/UbiqueInnovation/djinni.git",
        "state": {
          "branch": "master",
          "revision": "0df93e12da82b7ebd7253976cdcb83fa697f3f7d",
          "version": null
        }
      },
      {
        "package": "MapCore",
        "repositoryURL": "https://github.com/openmobilemaps/maps-core",
        "state": {
          "branch": "develop",
          "revision": "dd185157cd43c31d8c93e0c11b2cdae113c2b43b",
          "version": null
        }
      },
      {
        "package": "UBKit",
        "repositoryURL": "https://github.com/UbiqueInnovation/ubkit-ios",
        "state": {
          "branch": null,
          "revision": "43c66080b15d6865453179f8d4dbabae3ae91f9f",
          "version": "1.8.1"
        }
      }
    ]
  },
  "version": 1
}
